
Microsoft Visual Studio Solution File, Format Version 12.00
# Visual Studio Version 16
VisualStudioVersion = 16.0.31321.278
MinimumVisualStudioVersion = 10.0.40219.1
Project("{8BC9CEB8-8B4A-11D0-8D11-00A0C91BC942}") = "Chapter01-Structured_bindings", "Chapter01-Structured_bindings\Chapter01-Structured_bindings.vcxproj", "{21CEC193-33A6-4C67-9022-FC49CAA34D8C}"
EndProject
Project("{8BC9CEB8-8B4A-11D0-8D11-00A0C91BC942}") = "Chapter01-if_switch_initializer", "Chapter01-if_switch_initializer\Chapter01-if_switch_initializer.vcxproj", "{885C1117-0D02-4982-B2F1-15E9A6A39669}"
EndProject
Project("{8BC9CEB8-8B4A-11D0-8D11-00A0C91BC942}") = "Chapter01-New_iniatialiazer_rules", "Chapter01-New_iniatialiazer_rules\Chapter01-New_iniatialiazer_rules.vcxproj", "{8AD8B24A-40A5-4690-93A4-5CE2A3CD0987}"
EndProject
Project("{8BC9CEB8-8B4A-11D0-8D11-00A0C91BC942}") = "Chapter01-Template_class_type_deduction", "Chapter01-Template_class_type_deduction\Chapter01-Template_class_type_deduction.vcxproj", "{68D96898-DE07-4E68-AC71-FDB9AA492F50}"
EndProject
Project("{8BC9CEB8-8B4A-11D0-8D11-00A0C91BC942}") = "Chapter01-if_constexpr", "Chapter01-if_constexpr\Chapter01-if_constexpr.vcxproj", "{FFCFD9B0-88A1-4150-971C-01150C866060}"
EndProject
Project("{8BC9CEB8-8B4A-11D0-8D11-00A0C91BC942}") = "Chapter02-Erase_remove_idiom", "Chapter02-Erase_remove_idiom\Chapter02-Erase_remove_idiom.vcxproj", "{6D662B53-DC5C-458C-BE8F-CCFC5BCCFAB4}"
EndProject
Project("{8BC9CEB8-8B4A-11D0-8D11-00A0C91BC942}") = "Chapter02-Quick_delete_from_unordered_vector_O(1)", "Chapter02-Quick_delete_from_unordered_vector_O(1)\Chapter02-Quick_delete_from_unordered_vector_O(1).vcxproj", "{9BEC8C83-2F26-4E23-A6BA-F8554910BF02}"
EndProject
Project("{8BC9CEB8-8B4A-11D0-8D11-00A0C91BC942}") = "Chapter02-Vector_access_fast_or_safe", "Chapter02-Vector_access_fast_or_safe\Chapter02-Vector_access_fast_or_safe.vcxproj", "{0D271E39-7069-4026-8F7B-97423B7B0E6C}"
EndProject
Project("{8BC9CEB8-8B4A-11D0-8D11-00A0C91BC942}") = "Chapter02-Keep_vector_sorted", "Chapter02-Keep_vector_sorted\Chapter02-Keep_vector_sorted.vcxproj", "{64945B26-0FA9-40E5-A3AB-390E509F6642}"
EndProject
Project("{8BC9CEB8-8B4A-11D0-8D11-00A0C91BC942}") = "Chapter02-Efficient_insert_or_reassign_to_map", "Chapter02-Efficient_insert_or_reassign_to_map\Chapter02-Efficient_insert_or_reassign_to_map.vcxproj", "{29451784-F800-4021-B40A-B9AF8EA89AB9}"
EndProject
Project("{8BC9CEB8-8B4A-11D0-8D11-00A0C91BC942}") = "Chapter02-Map_insertion_hint", "Chapter02-Map_insertion_hint\Chapter02-Map_insertion_hint.vcxproj", "{F2FC0F9E-8DE0-4311-AC91-E7C806BD76F1}"
EndProject
Project("{8BC9CEB8-8B4A-11D0-8D11-00A0C91BC942}") = "Chapter02-Mapnode_key_modification", "Chapter02-Mapnode_key_modification\Chapter02-Mapnode_key_modification.vcxproj", "{58CD891B-C9B6-415B-8B36-3C5FCE4705AF}"
EndProject
Project("{8BC9CEB8-8B4A-11D0-8D11-00A0C91BC942}") = "Chapter02-Custom_type_unordered_map", "Chapter02-Custom_type_unordered_map\Chapter02-Custom_type_unordered_map.vcxproj", "{FF153050-E9F4-42B7-9EF0-E451C4565DB9}"
EndProject
Project("{8BC9CEB8-8B4A-11D0-8D11-00A0C91BC942}") = "Chapter02-Filter_unique_user_input", "Chapter02-Filter_unique_user_input\Chapter02-Filter_unique_user_input.vcxproj", "{89C7D380-89FB-406E-9122-9B6E9C5D9700}"
EndProject
Project("{8BC9CEB8-8B4A-11D0-8D11-00A0C91BC942}") = "Chapter02-Rpn_calculator_impl_with_stack", "Chapter02-Rpn_calculator_impl_with_stack\Chapter02-Rpn_calculator_impl_with_stack.vcxproj", "{E72A58CA-860E-4881-8345-C2650E7A6D79}"
EndProject
Project("{8BC9CEB8-8B4A-11D0-8D11-00A0C91BC942}") = "Chapter02-Personal_organiser_priority_queue", "Chapter02-Personal_organiser_priority_queue\Chapter02-Personal_organiser_priority_queue.vcxproj", "{DC381100-CE02-45B6-A59B-A85549B78723}"
EndProject
Project("{8BC9CEB8-8B4A-11D0-8D11-00A0C91BC942}") = "Chapter03-Own_iterable_range", "Chapter03-Own_iterable_range\Chapter03-Own_iterable_range.vcxproj", "{12A0C737-9C87-4C02-8583-C198F7D53168}"
EndProject
Project("{8BC9CEB8-8B4A-11D0-8D11-00A0C91BC942}") = "Chapter03-Making_iterators_stl_compatible", "Chapter03-Making_iterators_stl_compatible\Chapter03-Making_iterators_stl_compatible.vcxproj", "{661D3C92-FC8B-4804-BAA9-266773EB924F}"
EndProject
Project("{8BC9CEB8-8B4A-11D0-8D11-00A0C91BC942}") = "Chapter03-Iterator_wrapper", "Chapter03-Iterator_wrapper\Chapter03-Iterator_wrapper.vcxproj", "{DF5405D8-CACF-4B23-AD82-CCB462E20277}"
EndProject
Project("{8BC9CEB8-8B4A-11D0-8D11-00A0C91BC942}") = "Chapter03-Algorithms_in_iterators_fibonacci", "Chapter03-Algorithms_in_iterators_fibonacci\Chapter03-Algorithms_in_iterators_fibonacci.vcxproj", "{2C6AEB67-3892-44B1-AA30-F327850C6102}"
EndProject
Project("{8BC9CEB8-8B4A-11D0-8D11-00A0C91BC942}") = "Chapter03-Reverse_iterators", "Chapter03-Reverse_iterators\Chapter03-Reverse_iterators.vcxproj", "{20C1803C-1516-4767-A7D9-2AE01BE1E6FD}"
EndProject
Project("{8BC9CEB8-8B4A-11D0-8D11-00A0C91BC942}") = "Chapter03-Iterator_sentinel", "Chapter03-Iterator_sentinel\Chapter03-Iterator_sentinel.vcxproj", "{FE826331-BA6F-4D45-98CF-86024B794483}"
EndProject
Project("{8BC9CEB8-8B4A-11D0-8D11-00A0C91BC942}") = "Chapter03-Zip_iterator", "Chapter03-Zip_iterator\Chapter03-Zip_iterator.vcxproj", "{0F7F9D17-9192-4109-B805-60D155479CE7}"
EndProject
Project("{8BC9CEB8-8B4A-11D0-8D11-00A0C91BC942}") = "Chapter04-Functions_on_runtime", "Chapter04-Functions_on_runtime\Chapter04-Functions_on_runtime.vcxproj", "{9E283B62-D586-49EB-83CA-A56EE12104F6}"
EndProject
Project("{8BC9CEB8-8B4A-11D0-8D11-00A0C91BC942}") = "Chapter04-Std_function", "Chapter04-Std_function\Chapter04-Std_function.vcxproj", "{4904DB7E-59B9-46AA-80D8-282B0AA48F08}"
EndProject
Project("{8BC9CEB8-8B4A-11D0-8D11-00A0C91BC942}") = "Chapter04-Lambda_concatenation", "Chapter04-Lambda_concatenation\Chapter04-Lambda_concatenation.vcxproj", "{A0D45D45-0323-4B85-85F5-1084AF72C504}"
EndProject
Project("{8BC9CEB8-8B4A-11D0-8D11-00A0C91BC942}") = "Chapter01-Fold_expressions", "Chapter01-Fold_expressions\Chapter01-Fold_expressions.vcxproj", "{074DE65E-B89C-4320-9289-77C1F610D3EC}"
EndProject
Project("{8BC9CEB8-8B4A-11D0-8D11-00A0C91BC942}") = "Chapter04-Combination_of_predicates", "Chapter04-Combination_of_predicates\Chapter04-Combination_of_predicates.vcxproj", "{53F8C5D3-0126-4424-B8C8-DEF0821101A7}"
EndProject
Project("{8BC9CEB8-8B4A-11D0-8D11-00A0C91BC942}") = "Chapter01-Inline_variable", "Chapter01-Inline_variable\Chapter01-Inline_variable.vcxproj", "{78D227A7-A5F1-459D-8F0C-C05D607AEB8E}"
EndProject
Project("{8BC9CEB8-8B4A-11D0-8D11-00A0C91BC942}") = "Chapter02-Sentence_length_multimap", "Chapter02-Sentence_length_multimap\Chapter02-Sentence_length_multimap.vcxproj", "{B169BB78-6D1A-475A-93FE-5D59D2559DE1}"
EndProject
Project("{8BC9CEB8-8B4A-11D0-8D11-00A0C91BC942}") = "Chapter04-Multicaller", "Chapter04-Multicaller\Chapter04-Multicaller.vcxproj", "{6D66A1A8-3C9E-4DDF-AAF3-9522295611B8}"
EndProject
Project("{8BC9CEB8-8B4A-11D0-8D11-00A0C91BC942}") = "Chapter04-Transform_if", "Chapter04-Transform_if\Chapter04-Transform_if.vcxproj", "{27C422A5-C8EE-4E5C-A857-8AEC50041D23}"
EndProject
Project("{8BC9CEB8-8B4A-11D0-8D11-00A0C91BC942}") = "Chapter04-Cartesian_product", "Chapter04-Cartesian_product\Chapter04-Cartesian_product.vcxproj", "{7B88F5C0-5DDF-4D94-B629-9E0D4AA235CB}"
EndProject
Project("{8BC9CEB8-8B4A-11D0-8D11-00A0C91BC942}") = "Chapter05-Copying_items", "Chapter05-Copying_items\Chapter05-Copying_items.vcxproj", "{7F573E5B-8DDF-4366-AFD8-6BE98C0F5A97}"
EndProject
Project("{8BC9CEB8-8B4A-11D0-8D11-00A0C91BC942}") = "Chapter05-Sorting_containers", "Chapter05-Sorting_containers\Chapter05-Sorting_containers.vcxproj", "{64FD34FA-92FA-4C75-885C-5CEFC2C03E0C}"
EndProject
Project("{8BC9CEB8-8B4A-11D0-8D11-00A0C91BC942}") = "Chapter05-Removing_items_from_containers", "Chapter05-Removing_items_from_containers\Chapter05-Removing_items_from_containers.vcxproj", "{D11626FF-73FA-4677-A45A-3F82A668928D}"
EndProject
Project("{8BC9CEB8-8B4A-11D0-8D11-00A0C91BC942}") = "Chapter05-Transforming_items_in_containers", "Chapter05-Transforming_items_in_containers\Chapter05-Transforming_items_in_containers.vcxproj", "{86E77CB4-DE31-4E8B-9E58-B049DF593BF7}"
EndProject
Project("{8BC9CEB8-8B4A-11D0-8D11-00A0C91BC942}") = "Chapter05-Finding_items", "Chapter05-Finding_items\Chapter05-Finding_items.vcxproj", "{EA47154C-0CB6-462F-8155-872EAC17D664}"
EndProject
Project("{8BC9CEB8-8B4A-11D0-8D11-00A0C91BC942}") = "Chapter05-Reducing_range_in_vector", "Chapter05-Reducing_range_in_vector\Chapter05-Reducing_range_in_vector.vcxproj", "{20C7A5BD-433F-4FFF-A6BA-39A7AE165BA3}"
EndProject
Global
	GlobalSection(SolutionConfigurationPlatforms) = preSolution
		Debug|x64 = Debug|x64
		Debug|x86 = Debug|x86
		Release|x64 = Release|x64
		Release|x86 = Release|x86
	EndGlobalSection
	GlobalSection(ProjectConfigurationPlatforms) = postSolution
		{21CEC193-33A6-4C67-9022-FC49CAA34D8C}.Debug|x64.ActiveCfg = Debug|x64
		{21CEC193-33A6-4C67-9022-FC49CAA34D8C}.Debug|x64.Build.0 = Debug|x64
		{21CEC193-33A6-4C67-9022-FC49CAA34D8C}.Debug|x86.ActiveCfg = Debug|Win32
		{21CEC193-33A6-4C67-9022-FC49CAA34D8C}.Debug|x86.Build.0 = Debug|Win32
		{21CEC193-33A6-4C67-9022-FC49CAA34D8C}.Release|x64.ActiveCfg = Release|x64
		{21CEC193-33A6-4C67-9022-FC49CAA34D8C}.Release|x64.Build.0 = Release|x64
		{21CEC193-33A6-4C67-9022-FC49CAA34D8C}.Release|x86.ActiveCfg = Release|Win32
		{21CEC193-33A6-4C67-9022-FC49CAA34D8C}.Release|x86.Build.0 = Release|Win32
		{885C1117-0D02-4982-B2F1-15E9A6A39669}.Debug|x64.ActiveCfg = Debug|x64
		{885C1117-0D02-4982-B2F1-15E9A6A39669}.Debug|x64.Build.0 = Debug|x64
		{885C1117-0D02-4982-B2F1-15E9A6A39669}.Debug|x86.ActiveCfg = Debug|Win32
		{885C1117-0D02-4982-B2F1-15E9A6A39669}.Debug|x86.Build.0 = Debug|Win32
		{885C1117-0D02-4982-B2F1-15E9A6A39669}.Release|x64.ActiveCfg = Release|x64
		{885C1117-0D02-4982-B2F1-15E9A6A39669}.Release|x64.Build.0 = Release|x64
		{885C1117-0D02-4982-B2F1-15E9A6A39669}.Release|x86.ActiveCfg = Release|Win32
		{885C1117-0D02-4982-B2F1-15E9A6A39669}.Release|x86.Build.0 = Release|Win32
		{8AD8B24A-40A5-4690-93A4-5CE2A3CD0987}.Debug|x64.ActiveCfg = Debug|x64
		{8AD8B24A-40A5-4690-93A4-5CE2A3CD0987}.Debug|x64.Build.0 = Debug|x64
		{8AD8B24A-40A5-4690-93A4-5CE2A3CD0987}.Debug|x86.ActiveCfg = Debug|Win32
		{8AD8B24A-40A5-4690-93A4-5CE2A3CD0987}.Debug|x86.Build.0 = Debug|Win32
		{8AD8B24A-40A5-4690-93A4-5CE2A3CD0987}.Release|x64.ActiveCfg = Release|x64
		{8AD8B24A-40A5-4690-93A4-5CE2A3CD0987}.Release|x64.Build.0 = Release|x64
		{8AD8B24A-40A5-4690-93A4-5CE2A3CD0987}.Release|x86.ActiveCfg = Release|Win32
		{8AD8B24A-40A5-4690-93A4-5CE2A3CD0987}.Release|x86.Build.0 = Release|Win32
		{68D96898-DE07-4E68-AC71-FDB9AA492F50}.Debug|x64.ActiveCfg = Debug|x64
		{68D96898-DE07-4E68-AC71-FDB9AA492F50}.Debug|x64.Build.0 = Debug|x64
		{68D96898-DE07-4E68-AC71-FDB9AA492F50}.Debug|x86.ActiveCfg = Debug|Win32
		{68D96898-DE07-4E68-AC71-FDB9AA492F50}.Debug|x86.Build.0 = Debug|Win32
		{68D96898-DE07-4E68-AC71-FDB9AA492F50}.Release|x64.ActiveCfg = Release|x64
		{68D96898-DE07-4E68-AC71-FDB9AA492F50}.Release|x64.Build.0 = Release|x64
		{68D96898-DE07-4E68-AC71-FDB9AA492F50}.Release|x86.ActiveCfg = Release|Win32
		{68D96898-DE07-4E68-AC71-FDB9AA492F50}.Release|x86.Build.0 = Release|Win32
		{FFCFD9B0-88A1-4150-971C-01150C866060}.Debug|x64.ActiveCfg = Debug|x64
		{FFCFD9B0-88A1-4150-971C-01150C866060}.Debug|x64.Build.0 = Debug|x64
		{FFCFD9B0-88A1-4150-971C-01150C866060}.Debug|x86.ActiveCfg = Debug|Win32
		{FFCFD9B0-88A1-4150-971C-01150C866060}.Debug|x86.Build.0 = Debug|Win32
		{FFCFD9B0-88A1-4150-971C-01150C866060}.Release|x64.ActiveCfg = Release|x64
		{FFCFD9B0-88A1-4150-971C-01150C866060}.Release|x64.Build.0 = Release|x64
		{FFCFD9B0-88A1-4150-971C-01150C866060}.Release|x86.ActiveCfg = Release|Win32
		{FFCFD9B0-88A1-4150-971C-01150C866060}.Release|x86.Build.0 = Release|Win32
		{6D662B53-DC5C-458C-BE8F-CCFC5BCCFAB4}.Debug|x64.ActiveCfg = Debug|x64
		{6D662B53-DC5C-458C-BE8F-CCFC5BCCFAB4}.Debug|x64.Build.0 = Debug|x64
		{6D662B53-DC5C-458C-BE8F-CCFC5BCCFAB4}.Debug|x86.ActiveCfg = Debug|Win32
		{6D662B53-DC5C-458C-BE8F-CCFC5BCCFAB4}.Debug|x86.Build.0 = Debug|Win32
		{6D662B53-DC5C-458C-BE8F-CCFC5BCCFAB4}.Release|x64.ActiveCfg = Release|x64
		{6D662B53-DC5C-458C-BE8F-CCFC5BCCFAB4}.Release|x64.Build.0 = Release|x64
		{6D662B53-DC5C-458C-BE8F-CCFC5BCCFAB4}.Release|x86.ActiveCfg = Release|Win32
		{6D662B53-DC5C-458C-BE8F-CCFC5BCCFAB4}.Release|x86.Build.0 = Release|Win32
		{9BEC8C83-2F26-4E23-A6BA-F8554910BF02}.Debug|x64.ActiveCfg = Debug|x64
		{9BEC8C83-2F26-4E23-A6BA-F8554910BF02}.Debug|x64.Build.0 = Debug|x64
		{9BEC8C83-2F26-4E23-A6BA-F8554910BF02}.Debug|x86.ActiveCfg = Debug|Win32
		{9BEC8C83-2F26-4E23-A6BA-F8554910BF02}.Debug|x86.Build.0 = Debug|Win32
		{9BEC8C83-2F26-4E23-A6BA-F8554910BF02}.Release|x64.ActiveCfg = Release|x64
		{9BEC8C83-2F26-4E23-A6BA-F8554910BF02}.Release|x64.Build.0 = Release|x64
		{9BEC8C83-2F26-4E23-A6BA-F8554910BF02}.Release|x86.ActiveCfg = Release|Win32
		{9BEC8C83-2F26-4E23-A6BA-F8554910BF02}.Release|x86.Build.0 = Release|Win32
		{0D271E39-7069-4026-8F7B-97423B7B0E6C}.Debug|x64.ActiveCfg = Debug|x64
		{0D271E39-7069-4026-8F7B-97423B7B0E6C}.Debug|x64.Build.0 = Debug|x64
		{0D271E39-7069-4026-8F7B-97423B7B0E6C}.Debug|x86.ActiveCfg = Debug|Win32
		{0D271E39-7069-4026-8F7B-97423B7B0E6C}.Debug|x86.Build.0 = Debug|Win32
		{0D271E39-7069-4026-8F7B-97423B7B0E6C}.Release|x64.ActiveCfg = Release|x64
		{0D271E39-7069-4026-8F7B-97423B7B0E6C}.Release|x64.Build.0 = Release|x64
		{0D271E39-7069-4026-8F7B-97423B7B0E6C}.Release|x86.ActiveCfg = Release|Win32
		{0D271E39-7069-4026-8F7B-97423B7B0E6C}.Release|x86.Build.0 = Release|Win32
		{64945B26-0FA9-40E5-A3AB-390E509F6642}.Debug|x64.ActiveCfg = Debug|x64
		{64945B26-0FA9-40E5-A3AB-390E509F6642}.Debug|x64.Build.0 = Debug|x64
		{64945B26-0FA9-40E5-A3AB-390E509F6642}.Debug|x86.ActiveCfg = Debug|Win32
		{64945B26-0FA9-40E5-A3AB-390E509F6642}.Debug|x86.Build.0 = Debug|Win32
		{64945B26-0FA9-40E5-A3AB-390E509F6642}.Release|x64.ActiveCfg = Release|x64
		{64945B26-0FA9-40E5-A3AB-390E509F6642}.Release|x64.Build.0 = Release|x64
		{64945B26-0FA9-40E5-A3AB-390E509F6642}.Release|x86.ActiveCfg = Release|Win32
		{64945B26-0FA9-40E5-A3AB-390E509F6642}.Release|x86.Build.0 = Release|Win32
		{29451784-F800-4021-B40A-B9AF8EA89AB9}.Debug|x64.ActiveCfg = Debug|x64
		{29451784-F800-4021-B40A-B9AF8EA89AB9}.Debug|x64.Build.0 = Debug|x64
		{29451784-F800-4021-B40A-B9AF8EA89AB9}.Debug|x86.ActiveCfg = Debug|Win32
		{29451784-F800-4021-B40A-B9AF8EA89AB9}.Debug|x86.Build.0 = Debug|Win32
		{29451784-F800-4021-B40A-B9AF8EA89AB9}.Release|x64.ActiveCfg = Release|x64
		{29451784-F800-4021-B40A-B9AF8EA89AB9}.Release|x64.Build.0 = Release|x64
		{29451784-F800-4021-B40A-B9AF8EA89AB9}.Release|x86.ActiveCfg = Release|Win32
		{29451784-F800-4021-B40A-B9AF8EA89AB9}.Release|x86.Build.0 = Release|Win32
		{F2FC0F9E-8DE0-4311-AC91-E7C806BD76F1}.Debug|x64.ActiveCfg = Debug|x64
		{F2FC0F9E-8DE0-4311-AC91-E7C806BD76F1}.Debug|x64.Build.0 = Debug|x64
		{F2FC0F9E-8DE0-4311-AC91-E7C806BD76F1}.Debug|x86.ActiveCfg = Debug|Win32
		{F2FC0F9E-8DE0-4311-AC91-E7C806BD76F1}.Debug|x86.Build.0 = Debug|Win32
		{F2FC0F9E-8DE0-4311-AC91-E7C806BD76F1}.Release|x64.ActiveCfg = Release|x64
		{F2FC0F9E-8DE0-4311-AC91-E7C806BD76F1}.Release|x64.Build.0 = Release|x64
		{F2FC0F9E-8DE0-4311-AC91-E7C806BD76F1}.Release|x86.ActiveCfg = Release|Win32
		{F2FC0F9E-8DE0-4311-AC91-E7C806BD76F1}.Release|x86.Build.0 = Release|Win32
		{58CD891B-C9B6-415B-8B36-3C5FCE4705AF}.Debug|x64.ActiveCfg = Debug|x64
		{58CD891B-C9B6-415B-8B36-3C5FCE4705AF}.Debug|x64.Build.0 = Debug|x64
		{58CD891B-C9B6-415B-8B36-3C5FCE4705AF}.Debug|x86.ActiveCfg = Debug|Win32
		{58CD891B-C9B6-415B-8B36-3C5FCE4705AF}.Debug|x86.Build.0 = Debug|Win32
		{58CD891B-C9B6-415B-8B36-3C5FCE4705AF}.Release|x64.ActiveCfg = Release|x64
		{58CD891B-C9B6-415B-8B36-3C5FCE4705AF}.Release|x64.Build.0 = Release|x64
		{58CD891B-C9B6-415B-8B36-3C5FCE4705AF}.Release|x86.ActiveCfg = Release|Win32
		{58CD891B-C9B6-415B-8B36-3C5FCE4705AF}.Release|x86.Build.0 = Release|Win32
		{FF153050-E9F4-42B7-9EF0-E451C4565DB9}.Debug|x64.ActiveCfg = Debug|x64
		{FF153050-E9F4-42B7-9EF0-E451C4565DB9}.Debug|x64.Build.0 = Debug|x64
		{FF153050-E9F4-42B7-9EF0-E451C4565DB9}.Debug|x86.ActiveCfg = Debug|Win32
		{FF153050-E9F4-42B7-9EF0-E451C4565DB9}.Debug|x86.Build.0 = Debug|Win32
		{FF153050-E9F4-42B7-9EF0-E451C4565DB9}.Release|x64.ActiveCfg = Release|x64
		{FF153050-E9F4-42B7-9EF0-E451C4565DB9}.Release|x64.Build.0 = Release|x64
		{FF153050-E9F4-42B7-9EF0-E451C4565DB9}.Release|x86.ActiveCfg = Release|Win32
		{FF153050-E9F4-42B7-9EF0-E451C4565DB9}.Release|x86.Build.0 = Release|Win32
		{89C7D380-89FB-406E-9122-9B6E9C5D9700}.Debug|x64.ActiveCfg = Debug|x64
		{89C7D380-89FB-406E-9122-9B6E9C5D9700}.Debug|x64.Build.0 = Debug|x64
		{89C7D380-89FB-406E-9122-9B6E9C5D9700}.Debug|x86.ActiveCfg = Debug|Win32
		{89C7D380-89FB-406E-9122-9B6E9C5D9700}.Debug|x86.Build.0 = Debug|Win32
		{89C7D380-89FB-406E-9122-9B6E9C5D9700}.Release|x64.ActiveCfg = Release|x64
		{89C7D380-89FB-406E-9122-9B6E9C5D9700}.Release|x64.Build.0 = Release|x64
		{89C7D380-89FB-406E-9122-9B6E9C5D9700}.Release|x86.ActiveCfg = Release|Win32
		{89C7D380-89FB-406E-9122-9B6E9C5D9700}.Release|x86.Build.0 = Release|Win32
		{E72A58CA-860E-4881-8345-C2650E7A6D79}.Debug|x64.ActiveCfg = Debug|x64
		{E72A58CA-860E-4881-8345-C2650E7A6D79}.Debug|x64.Build.0 = Debug|x64
		{E72A58CA-860E-4881-8345-C2650E7A6D79}.Debug|x86.ActiveCfg = Debug|Win32
		{E72A58CA-860E-4881-8345-C2650E7A6D79}.Debug|x86.Build.0 = Debug|Win32
		{E72A58CA-860E-4881-8345-C2650E7A6D79}.Release|x64.ActiveCfg = Release|x64
		{E72A58CA-860E-4881-8345-C2650E7A6D79}.Release|x64.Build.0 = Release|x64
		{E72A58CA-860E-4881-8345-C2650E7A6D79}.Release|x86.ActiveCfg = Release|Win32
		{E72A58CA-860E-4881-8345-C2650E7A6D79}.Release|x86.Build.0 = Release|Win32
		{DC381100-CE02-45B6-A59B-A85549B78723}.Debug|x64.ActiveCfg = Debug|x64
		{DC381100-CE02-45B6-A59B-A85549B78723}.Debug|x64.Build.0 = Debug|x64
		{DC381100-CE02-45B6-A59B-A85549B78723}.Debug|x86.ActiveCfg = Debug|Win32
		{DC381100-CE02-45B6-A59B-A85549B78723}.Debug|x86.Build.0 = Debug|Win32
		{DC381100-CE02-45B6-A59B-A85549B78723}.Release|x64.ActiveCfg = Release|x64
		{DC381100-CE02-45B6-A59B-A85549B78723}.Release|x64.Build.0 = Release|x64
		{DC381100-CE02-45B6-A59B-A85549B78723}.Release|x86.ActiveCfg = Release|Win32
		{DC381100-CE02-45B6-A59B-A85549B78723}.Release|x86.Build.0 = Release|Win32
		{12A0C737-9C87-4C02-8583-C198F7D53168}.Debug|x64.ActiveCfg = Debug|x64
		{12A0C737-9C87-4C02-8583-C198F7D53168}.Debug|x64.Build.0 = Debug|x64
		{12A0C737-9C87-4C02-8583-C198F7D53168}.Debug|x86.ActiveCfg = Debug|Win32
		{12A0C737-9C87-4C02-8583-C198F7D53168}.Debug|x86.Build.0 = Debug|Win32
		{12A0C737-9C87-4C02-8583-C198F7D53168}.Release|x64.ActiveCfg = Release|x64
		{12A0C737-9C87-4C02-8583-C198F7D53168}.Release|x64.Build.0 = Release|x64
		{12A0C737-9C87-4C02-8583-C198F7D53168}.Release|x86.ActiveCfg = Release|Win32
		{12A0C737-9C87-4C02-8583-C198F7D53168}.Release|x86.Build.0 = Release|Win32
		{661D3C92-FC8B-4804-BAA9-266773EB924F}.Debug|x64.ActiveCfg = Debug|x64
		{661D3C92-FC8B-4804-BAA9-266773EB924F}.Debug|x64.Build.0 = Debug|x64
		{661D3C92-FC8B-4804-BAA9-266773EB924F}.Debug|x86.ActiveCfg = Debug|Win32
		{661D3C92-FC8B-4804-BAA9-266773EB924F}.Debug|x86.Build.0 = Debug|Win32
		{661D3C92-FC8B-4804-BAA9-266773EB924F}.Release|x64.ActiveCfg = Release|x64
		{661D3C92-FC8B-4804-BAA9-266773EB924F}.Release|x64.Build.0 = Release|x64
		{661D3C92-FC8B-4804-BAA9-266773EB924F}.Release|x86.ActiveCfg = Release|Win32
		{661D3C92-FC8B-4804-BAA9-266773EB924F}.Release|x86.Build.0 = Release|Win32
		{DF5405D8-CACF-4B23-AD82-CCB462E20277}.Debug|x64.ActiveCfg = Debug|x64
		{DF5405D8-CACF-4B23-AD82-CCB462E20277}.Debug|x64.Build.0 = Debug|x64
		{DF5405D8-CACF-4B23-AD82-CCB462E20277}.Debug|x86.ActiveCfg = Debug|Win32
		{DF5405D8-CACF-4B23-AD82-CCB462E20277}.Debug|x86.Build.0 = Debug|Win32
		{DF5405D8-CACF-4B23-AD82-CCB462E20277}.Release|x64.ActiveCfg = Release|x64
		{DF5405D8-CACF-4B23-AD82-CCB462E20277}.Release|x64.Build.0 = Release|x64
		{DF5405D8-CACF-4B23-AD82-CCB462E20277}.Release|x86.ActiveCfg = Release|Win32
		{DF5405D8-CACF-4B23-AD82-CCB462E20277}.Release|x86.Build.0 = Release|Win32
		{2C6AEB67-3892-44B1-AA30-F327850C6102}.Debug|x64.ActiveCfg = Debug|x64
		{2C6AEB67-3892-44B1-AA30-F327850C6102}.Debug|x64.Build.0 = Debug|x64
		{2C6AEB67-3892-44B1-AA30-F327850C6102}.Debug|x86.ActiveCfg = Debug|Win32
		{2C6AEB67-3892-44B1-AA30-F327850C6102}.Debug|x86.Build.0 = Debug|Win32
		{2C6AEB67-3892-44B1-AA30-F327850C6102}.Release|x64.ActiveCfg = Release|x64
		{2C6AEB67-3892-44B1-AA30-F327850C6102}.Release|x64.Build.0 = Release|x64
		{2C6AEB67-3892-44B1-AA30-F327850C6102}.Release|x86.ActiveCfg = Release|Win32
		{2C6AEB67-3892-44B1-AA30-F327850C6102}.Release|x86.Build.0 = Release|Win32
		{20C1803C-1516-4767-A7D9-2AE01BE1E6FD}.Debug|x64.ActiveCfg = Debug|x64
		{20C1803C-1516-4767-A7D9-2AE01BE1E6FD}.Debug|x64.Build.0 = Debug|x64
		{20C1803C-1516-4767-A7D9-2AE01BE1E6FD}.Debug|x86.ActiveCfg = Debug|Win32
		{20C1803C-1516-4767-A7D9-2AE01BE1E6FD}.Debug|x86.Build.0 = Debug|Win32
		{20C1803C-1516-4767-A7D9-2AE01BE1E6FD}.Release|x64.ActiveCfg = Release|x64
		{20C1803C-1516-4767-A7D9-2AE01BE1E6FD}.Release|x64.Build.0 = Release|x64
		{20C1803C-1516-4767-A7D9-2AE01BE1E6FD}.Release|x86.ActiveCfg = Release|Win32
		{20C1803C-1516-4767-A7D9-2AE01BE1E6FD}.Release|x86.Build.0 = Release|Win32
		{FE826331-BA6F-4D45-98CF-86024B794483}.Debug|x64.ActiveCfg = Debug|x64
		{FE826331-BA6F-4D45-98CF-86024B794483}.Debug|x64.Build.0 = Debug|x64
		{FE826331-BA6F-4D45-98CF-86024B794483}.Debug|x86.ActiveCfg = Debug|Win32
		{FE826331-BA6F-4D45-98CF-86024B794483}.Debug|x86.Build.0 = Debug|Win32
		{FE826331-BA6F-4D45-98CF-86024B794483}.Release|x64.ActiveCfg = Release|x64
		{FE826331-BA6F-4D45-98CF-86024B794483}.Release|x64.Build.0 = Release|x64
		{FE826331-BA6F-4D45-98CF-86024B794483}.Release|x86.ActiveCfg = Release|Win32
		{FE826331-BA6F-4D45-98CF-86024B794483}.Release|x86.Build.0 = Release|Win32
		{0F7F9D17-9192-4109-B805-60D155479CE7}.Debug|x64.ActiveCfg = Debug|x64
		{0F7F9D17-9192-4109-B805-60D155479CE7}.Debug|x64.Build.0 = Debug|x64
		{0F7F9D17-9192-4109-B805-60D155479CE7}.Debug|x86.ActiveCfg = Debug|Win32
		{0F7F9D17-9192-4109-B805-60D155479CE7}.Debug|x86.Build.0 = Debug|Win32
		{0F7F9D17-9192-4109-B805-60D155479CE7}.Release|x64.ActiveCfg = Release|x64
		{0F7F9D17-9192-4109-B805-60D155479CE7}.Release|x64.Build.0 = Release|x64
		{0F7F9D17-9192-4109-B805-60D155479CE7}.Release|x86.ActiveCfg = Release|Win32
		{0F7F9D17-9192-4109-B805-60D155479CE7}.Release|x86.Build.0 = Release|Win32
		{9E283B62-D586-49EB-83CA-A56EE12104F6}.Debug|x64.ActiveCfg = Debug|x64
		{9E283B62-D586-49EB-83CA-A56EE12104F6}.Debug|x64.Build.0 = Debug|x64
		{9E283B62-D586-49EB-83CA-A56EE12104F6}.Debug|x86.ActiveCfg = Debug|Win32
		{9E283B62-D586-49EB-83CA-A56EE12104F6}.Debug|x86.Build.0 = Debug|Win32
		{9E283B62-D586-49EB-83CA-A56EE12104F6}.Release|x64.ActiveCfg = Release|x64
		{9E283B62-D586-49EB-83CA-A56EE12104F6}.Release|x64.Build.0 = Release|x64
		{9E283B62-D586-49EB-83CA-A56EE12104F6}.Release|x86.ActiveCfg = Release|Win32
		{9E283B62-D586-49EB-83CA-A56EE12104F6}.Release|x86.Build.0 = Release|Win32
		{4904DB7E-59B9-46AA-80D8-282B0AA48F08}.Debug|x64.ActiveCfg = Debug|x64
		{4904DB7E-59B9-46AA-80D8-282B0AA48F08}.Debug|x64.Build.0 = Debug|x64
		{4904DB7E-59B9-46AA-80D8-282B0AA48F08}.Debug|x86.ActiveCfg = Debug|Win32
		{4904DB7E-59B9-46AA-80D8-282B0AA48F08}.Debug|x86.Build.0 = Debug|Win32
		{4904DB7E-59B9-46AA-80D8-282B0AA48F08}.Release|x64.ActiveCfg = Release|x64
		{4904DB7E-59B9-46AA-80D8-282B0AA48F08}.Release|x64.Build.0 = Release|x64
		{4904DB7E-59B9-46AA-80D8-282B0AA48F08}.Release|x86.ActiveCfg = Release|Win32
		{4904DB7E-59B9-46AA-80D8-282B0AA48F08}.Release|x86.Build.0 = Release|Win32
		{A0D45D45-0323-4B85-85F5-1084AF72C504}.Debug|x64.ActiveCfg = Debug|x64
		{A0D45D45-0323-4B85-85F5-1084AF72C504}.Debug|x64.Build.0 = Debug|x64
		{A0D45D45-0323-4B85-85F5-1084AF72C504}.Debug|x86.ActiveCfg = Debug|Win32
		{A0D45D45-0323-4B85-85F5-1084AF72C504}.Debug|x86.Build.0 = Debug|Win32
		{A0D45D45-0323-4B85-85F5-1084AF72C504}.Release|x64.ActiveCfg = Release|x64
		{A0D45D45-0323-4B85-85F5-1084AF72C504}.Release|x64.Build.0 = Release|x64
		{A0D45D45-0323-4B85-85F5-1084AF72C504}.Release|x86.ActiveCfg = Release|Win32
		{A0D45D45-0323-4B85-85F5-1084AF72C504}.Release|x86.Build.0 = Release|Win32
		{074DE65E-B89C-4320-9289-77C1F610D3EC}.Debug|x64.ActiveCfg = Debug|x64
		{074DE65E-B89C-4320-9289-77C1F610D3EC}.Debug|x64.Build.0 = Debug|x64
		{074DE65E-B89C-4320-9289-77C1F610D3EC}.Debug|x86.ActiveCfg = Debug|Win32
		{074DE65E-B89C-4320-9289-77C1F610D3EC}.Debug|x86.Build.0 = Debug|Win32
		{074DE65E-B89C-4320-9289-77C1F610D3EC}.Release|x64.ActiveCfg = Release|x64
		{074DE65E-B89C-4320-9289-77C1F610D3EC}.Release|x64.Build.0 = Release|x64
		{074DE65E-B89C-4320-9289-77C1F610D3EC}.Release|x86.ActiveCfg = Release|Win32
		{074DE65E-B89C-4320-9289-77C1F610D3EC}.Release|x86.Build.0 = Release|Win32
		{53F8C5D3-0126-4424-B8C8-DEF0821101A7}.Debug|x64.ActiveCfg = Debug|x64
		{53F8C5D3-0126-4424-B8C8-DEF0821101A7}.Debug|x64.Build.0 = Debug|x64
		{53F8C5D3-0126-4424-B8C8-DEF0821101A7}.Debug|x86.ActiveCfg = Debug|Win32
		{53F8C5D3-0126-4424-B8C8-DEF0821101A7}.Debug|x86.Build.0 = Debug|Win32
		{53F8C5D3-0126-4424-B8C8-DEF0821101A7}.Release|x64.ActiveCfg = Release|x64
		{53F8C5D3-0126-4424-B8C8-DEF0821101A7}.Release|x64.Build.0 = Release|x64
		{53F8C5D3-0126-4424-B8C8-DEF0821101A7}.Release|x86.ActiveCfg = Release|Win32
		{53F8C5D3-0126-4424-B8C8-DEF0821101A7}.Release|x86.Build.0 = Release|Win32
		{78D227A7-A5F1-459D-8F0C-C05D607AEB8E}.Debug|x64.ActiveCfg = Debug|x64
		{78D227A7-A5F1-459D-8F0C-C05D607AEB8E}.Debug|x64.Build.0 = Debug|x64
		{78D227A7-A5F1-459D-8F0C-C05D607AEB8E}.Debug|x86.ActiveCfg = Debug|Win32
		{78D227A7-A5F1-459D-8F0C-C05D607AEB8E}.Debug|x86.Build.0 = Debug|Win32
		{78D227A7-A5F1-459D-8F0C-C05D607AEB8E}.Release|x64.ActiveCfg = Release|x64
		{78D227A7-A5F1-459D-8F0C-C05D607AEB8E}.Release|x64.Build.0 = Release|x64
		{78D227A7-A5F1-459D-8F0C-C05D607AEB8E}.Release|x86.ActiveCfg = Release|Win32
		{78D227A7-A5F1-459D-8F0C-C05D607AEB8E}.Release|x86.Build.0 = Release|Win32
		{B169BB78-6D1A-475A-93FE-5D59D2559DE1}.Debug|x64.ActiveCfg = Debug|x64
		{B169BB78-6D1A-475A-93FE-5D59D2559DE1}.Debug|x64.Build.0 = Debug|x64
		{B169BB78-6D1A-475A-93FE-5D59D2559DE1}.Debug|x86.ActiveCfg = Debug|Win32
		{B169BB78-6D1A-475A-93FE-5D59D2559DE1}.Debug|x86.Build.0 = Debug|Win32
		{B169BB78-6D1A-475A-93FE-5D59D2559DE1}.Release|x64.ActiveCfg = Release|x64
		{B169BB78-6D1A-475A-93FE-5D59D2559DE1}.Release|x64.Build.0 = Release|x64
		{B169BB78-6D1A-475A-93FE-5D59D2559DE1}.Release|x86.ActiveCfg = Release|Win32
		{B169BB78-6D1A-475A-93FE-5D59D2559DE1}.Release|x86.Build.0 = Release|Win32
		{6D66A1A8-3C9E-4DDF-AAF3-9522295611B8}.Debug|x64.ActiveCfg = Debug|x64
		{6D66A1A8-3C9E-4DDF-AAF3-9522295611B8}.Debug|x64.Build.0 = Debug|x64
		{6D66A1A8-3C9E-4DDF-AAF3-9522295611B8}.Debug|x86.ActiveCfg = Debug|Win32
		{6D66A1A8-3C9E-4DDF-AAF3-9522295611B8}.Debug|x86.Build.0 = Debug|Win32
		{6D66A1A8-3C9E-4DDF-AAF3-9522295611B8}.Release|x64.ActiveCfg = Release|x64
		{6D66A1A8-3C9E-4DDF-AAF3-9522295611B8}.Release|x64.Build.0 = Release|x64
		{6D66A1A8-3C9E-4DDF-AAF3-9522295611B8}.Release|x86.ActiveCfg = Release|Win32
		{6D66A1A8-3C9E-4DDF-AAF3-9522295611B8}.Release|x86.Build.0 = Release|Win32
		{27C422A5-C8EE-4E5C-A857-8AEC50041D23}.Debug|x64.ActiveCfg = Debug|x64
		{27C422A5-C8EE-4E5C-A857-8AEC50041D23}.Debug|x64.Build.0 = Debug|x64
		{27C422A5-C8EE-4E5C-A857-8AEC50041D23}.Debug|x86.ActiveCfg = Debug|Win32
		{27C422A5-C8EE-4E5C-A857-8AEC50041D23}.Debug|x86.Build.0 = Debug|Win32
		{27C422A5-C8EE-4E5C-A857-8AEC50041D23}.Release|x64.ActiveCfg = Release|x64
		{27C422A5-C8EE-4E5C-A857-8AEC50041D23}.Release|x64.Build.0 = Release|x64
		{27C422A5-C8EE-4E5C-A857-8AEC50041D23}.Release|x86.ActiveCfg = Release|Win32
		{27C422A5-C8EE-4E5C-A857-8AEC50041D23}.Release|x86.Build.0 = Release|Win32
		{7B88F5C0-5DDF-4D94-B629-9E0D4AA235CB}.Debug|x64.ActiveCfg = Debug|x64
		{7B88F5C0-5DDF-4D94-B629-9E0D4AA235CB}.Debug|x64.Build.0 = Debug|x64
		{7B88F5C0-5DDF-4D94-B629-9E0D4AA235CB}.Debug|x86.ActiveCfg = Debug|Win32
		{7B88F5C0-5DDF-4D94-B629-9E0D4AA235CB}.Debug|x86.Build.0 = Debug|Win32
		{7B88F5C0-5DDF-4D94-B629-9E0D4AA235CB}.Release|x64.ActiveCfg = Release|x64
		{7B88F5C0-5DDF-4D94-B629-9E0D4AA235CB}.Release|x64.Build.0 = Release|x64
		{7B88F5C0-5DDF-4D94-B629-9E0D4AA235CB}.Release|x86.ActiveCfg = Release|Win32
		{7B88F5C0-5DDF-4D94-B629-9E0D4AA235CB}.Release|x86.Build.0 = Release|Win32
		{7F573E5B-8DDF-4366-AFD8-6BE98C0F5A97}.Debug|x64.ActiveCfg = Debug|x64
		{7F573E5B-8DDF-4366-AFD8-6BE98C0F5A97}.Debug|x64.Build.0 = Debug|x64
		{7F573E5B-8DDF-4366-AFD8-6BE98C0F5A97}.Debug|x86.ActiveCfg = Debug|Win32
		{7F573E5B-8DDF-4366-AFD8-6BE98C0F5A97}.Debug|x86.Build.0 = Debug|Win32
		{7F573E5B-8DDF-4366-AFD8-6BE98C0F5A97}.Release|x64.ActiveCfg = Release|x64
		{7F573E5B-8DDF-4366-AFD8-6BE98C0F5A97}.Release|x64.Build.0 = Release|x64
		{7F573E5B-8DDF-4366-AFD8-6BE98C0F5A97}.Release|x86.ActiveCfg = Release|Win32
		{7F573E5B-8DDF-4366-AFD8-6BE98C0F5A97}.Release|x86.Build.0 = Release|Win32
		{64FD34FA-92FA-4C75-885C-5CEFC2C03E0C}.Debug|x64.ActiveCfg = Debug|x64
		{64FD34FA-92FA-4C75-885C-5CEFC2C03E0C}.Debug|x64.Build.0 = Debug|x64
		{64FD34FA-92FA-4C75-885C-5CEFC2C03E0C}.Debug|x86.ActiveCfg = Debug|Win32
		{64FD34FA-92FA-4C75-885C-5CEFC2C03E0C}.Debug|x86.Build.0 = Debug|Win32
		{64FD34FA-92FA-4C75-885C-5CEFC2C03E0C}.Release|x64.ActiveCfg = Release|x64
		{64FD34FA-92FA-4C75-885C-5CEFC2C03E0C}.Release|x64.Build.0 = Release|x64
		{64FD34FA-92FA-4C75-885C-5CEFC2C03E0C}.Release|x86.ActiveCfg = Release|Win32
		{64FD34FA-92FA-4C75-885C-5CEFC2C03E0C}.Release|x86.Build.0 = Release|Win32
		{D11626FF-73FA-4677-A45A-3F82A668928D}.Debug|x64.ActiveCfg = Debug|x64
		{D11626FF-73FA-4677-A45A-3F82A668928D}.Debug|x64.Build.0 = Debug|x64
		{D11626FF-73FA-4677-A45A-3F82A668928D}.Debug|x86.ActiveCfg = Debug|Win32
		{D11626FF-73FA-4677-A45A-3F82A668928D}.Debug|x86.Build.0 = Debug|Win32
		{D11626FF-73FA-4677-A45A-3F82A668928D}.Release|x64.ActiveCfg = Release|x64
		{D11626FF-73FA-4677-A45A-3F82A668928D}.Release|x64.Build.0 = Release|x64
		{D11626FF-73FA-4677-A45A-3F82A668928D}.Release|x86.ActiveCfg = Release|Win32
		{D11626FF-73FA-4677-A45A-3F82A668928D}.Release|x86.Build.0 = Release|Win32
		{86E77CB4-DE31-4E8B-9E58-B049DF593BF7}.Debug|x64.ActiveCfg = Debug|x64
		{86E77CB4-DE31-4E8B-9E58-B049DF593BF7}.Debug|x64.Build.0 = Debug|x64
		{86E77CB4-DE31-4E8B-9E58-B049DF593BF7}.Debug|x86.ActiveCfg = Debug|Win32
		{86E77CB4-DE31-4E8B-9E58-B049DF593BF7}.Debug|x86.Build.0 = Debug|Win32
		{86E77CB4-DE31-4E8B-9E58-B049DF593BF7}.Release|x64.ActiveCfg = Release|x64
		{86E77CB4-DE31-4E8B-9E58-B049DF593BF7}.Release|x64.Build.0 = Release|x64
		{86E77CB4-DE31-4E8B-9E58-B049DF593BF7}.Release|x86.ActiveCfg = Release|Win32
		{86E77CB4-DE31-4E8B-9E58-B049DF593BF7}.Release|x86.Build.0 = Release|Win32
		{EA47154C-0CB6-462F-8155-872EAC17D664}.Debug|x64.ActiveCfg = Debug|x64
		{EA47154C-0CB6-462F-8155-872EAC17D664}.Debug|x64.Build.0 = Debug|x64
		{EA47154C-0CB6-462F-8155-872EAC17D664}.Debug|x86.ActiveCfg = Debug|Win32
		{EA47154C-0CB6-462F-8155-872EAC17D664}.Debug|x86.Build.0 = Debug|Win32
		{EA47154C-0CB6-462F-8155-872EAC17D664}.Release|x64.ActiveCfg = Release|x64
		{EA47154C-0CB6-462F-8155-872EAC17D664}.Release|x64.Build.0 = Release|x64
		{EA47154C-0CB6-462F-8155-872EAC17D664}.Release|x86.ActiveCfg = Release|Win32
		{EA47154C-0CB6-462F-8155-872EAC17D664}.Release|x86.Build.0 = Release|Win32
		{20C7A5BD-433F-4FFF-A6BA-39A7AE165BA3}.Debug|x64.ActiveCfg = Debug|x64
		{20C7A5BD-433F-4FFF-A6BA-39A7AE165BA3}.Debug|x64.Build.0 = Debug|x64
		{20C7A5BD-433F-4FFF-A6BA-39A7AE165BA3}.Debug|x86.ActiveCfg = Debug|Win32
		{20C7A5BD-433F-4FFF-A6BA-39A7AE165BA3}.Debug|x86.Build.0 = Debug|Win32
		{20C7A5BD-433F-4FFF-A6BA-39A7AE165BA3}.Release|x64.ActiveCfg = Release|x64
		{20C7A5BD-433F-4FFF-A6BA-39A7AE165BA3}.Release|x64.Build.0 = Release|x64
		{20C7A5BD-433F-4FFF-A6BA-39A7AE165BA3}.Release|x86.ActiveCfg = Release|Win32
		{20C7A5BD-433F-4FFF-A6BA-39A7AE165BA3}.Release|x86.Build.0 = Release|Win32
	EndGlobalSection
	GlobalSection(SolutionProperties) = preSolution
		HideSolutionNode = FALSE
	EndGlobalSection
	GlobalSection(ExtensibilityGlobals) = postSolution
		SolutionGuid = {D78E4ACB-7936-420E-851F-3C1519994DB0}
	EndGlobalSection
EndGlobal
