
Microsoft Visual Studio Solution File, Format Version 12.00
# Visual Studio Version 16
VisualStudioVersion = 16.0.31321.278
MinimumVisualStudioVersion = 10.0.40219.1
Project("{8BC9CEB8-8B4A-11D0-8D11-00A0C91BC942}") = "Chapter01-Structured_bindings", "Chapter01-Structured_bindings\Chapter01-Structured_bindings.vcxproj", "{21CEC193-33A6-4C67-9022-FC49CAA34D8C}"
EndProject
Project("{8BC9CEB8-8B4A-11D0-8D11-00A0C91BC942}") = "Chapter01-if_switch_initializer", "Chapter01-if_switch_initializer\Chapter01-if_switch_initializer.vcxproj", "{885C1117-0D02-4982-B2F1-15E9A6A39669}"
EndProject
Project("{8BC9CEB8-8B4A-11D0-8D11-00A0C91BC942}") = "Chapter01-New_iniatialiazer_rules", "Chapter01-New_iniatialiazer_rules\Chapter01-New_iniatialiazer_rules.vcxproj", "{8AD8B24A-40A5-4690-93A4-5CE2A3CD0987}"
EndProject
Project("{8BC9CEB8-8B4A-11D0-8D11-00A0C91BC942}") = "Chapter01-Template_class_type_deduction", "Chapter01-Template_class_type_deduction\Chapter01-Template_class_type_deduction.vcxproj", "{68D96898-DE07-4E68-AC71-FDB9AA492F50}"
EndProject
Project("{8BC9CEB8-8B4A-11D0-8D11-00A0C91BC942}") = "Chapter01-if_constexpr", "Chapter01-if_constexpr\Chapter01-if_constexpr.vcxproj", "{FFCFD9B0-88A1-4150-971C-01150C866060}"
EndProject
Project("{8BC9CEB8-8B4A-11D0-8D11-00A0C91BC942}") = "Chapter02-Erase_remove_idiom", "Chapter02-Erase_remove_idiom\Chapter02-Erase_remove_idiom.vcxproj", "{6D662B53-DC5C-458C-BE8F-CCFC5BCCFAB4}"
EndProject
Project("{8BC9CEB8-8B4A-11D0-8D11-00A0C91BC942}") = "Chapter02-Quick_delete_from_unordered_vector_O(1)", "Chapter02-Quick_delete_from_unordered_vector_O(1)\Chapter02-Quick_delete_from_unordered_vector_O(1).vcxproj", "{9BEC8C83-2F26-4E23-A6BA-F8554910BF02}"
EndProject
Project("{8BC9CEB8-8B4A-11D0-8D11-00A0C91BC942}") = "Chapter02-Vector_access_fast_or_safe", "Chapter02-Vector_access_fast_or_safe\Chapter02-Vector_access_fast_or_safe.vcxproj", "{0D271E39-7069-4026-8F7B-97423B7B0E6C}"
EndProject
Project("{8BC9CEB8-8B4A-11D0-8D11-00A0C91BC942}") = "Chapter02-Keep_vector_sorted", "Chapter02-Keep_vector_sorted\Chapter02-Keep_vector_sorted.vcxproj", "{64945B26-0FA9-40E5-A3AB-390E509F6642}"
EndProject
Project("{8BC9CEB8-8B4A-11D0-8D11-00A0C91BC942}") = "Chapter02-Efficient_insert_or_reassign_to_map", "Chapter02-Efficient_insert_or_reassign_to_map\Chapter02-Efficient_insert_or_reassign_to_map.vcxproj", "{29451784-F800-4021-B40A-B9AF8EA89AB9}"
EndProject
Project("{8BC9CEB8-8B4A-11D0-8D11-00A0C91BC942}") = "Chapter02-Map_insertion_hint", "Chapter02-Map_insertion_hint\Chapter02-Map_insertion_hint.vcxproj", "{F2FC0F9E-8DE0-4311-AC91-E7C806BD76F1}"
EndProject
Project("{8BC9CEB8-8B4A-11D0-8D11-00A0C91BC942}") = "Chapter02-Mapnode_key_modification", "Chapter02-Mapnode_key_modification\Chapter02-Mapnode_key_modification.vcxproj", "{58CD891B-C9B6-415B-8B36-3C5FCE4705AF}"
EndProject
Project("{8BC9CEB8-8B4A-11D0-8D11-00A0C91BC942}") = "Chapter02-Custom_type_unordered_map", "Chapter02-Custom_type_unordered_map\Chapter02-Custom_type_unordered_map.vcxproj", "{FF153050-E9F4-42B7-9EF0-E451C4565DB9}"
EndProject
Project("{8BC9CEB8-8B4A-11D0-8D11-00A0C91BC942}") = "Chapter02-Filter_unique_user_input", "Chapter02-Filter_unique_user_input\Chapter02-Filter_unique_user_input.vcxproj", "{89C7D380-89FB-406E-9122-9B6E9C5D9700}"
EndProject
Project("{8BC9CEB8-8B4A-11D0-8D11-00A0C91BC942}") = "Chapter02-Rpn_calculator_impl_with_stack", "Chapter02-Rpn_calculator_impl_with_stack\Chapter02-Rpn_calculator_impl_with_stack.vcxproj", "{E72A58CA-860E-4881-8345-C2650E7A6D79}"
EndProject
Global
	GlobalSection(SolutionConfigurationPlatforms) = preSolution
		Debug|x64 = Debug|x64
		Debug|x86 = Debug|x86
		Release|x64 = Release|x64
		Release|x86 = Release|x86
	EndGlobalSection
	GlobalSection(ProjectConfigurationPlatforms) = postSolution
		{21CEC193-33A6-4C67-9022-FC49CAA34D8C}.Debug|x64.ActiveCfg = Debug|x64
		{21CEC193-33A6-4C67-9022-FC49CAA34D8C}.Debug|x64.Build.0 = Debug|x64
		{21CEC193-33A6-4C67-9022-FC49CAA34D8C}.Debug|x86.ActiveCfg = Debug|Win32
		{21CEC193-33A6-4C67-9022-FC49CAA34D8C}.Debug|x86.Build.0 = Debug|Win32
		{21CEC193-33A6-4C67-9022-FC49CAA34D8C}.Release|x64.ActiveCfg = Release|x64
		{21CEC193-33A6-4C67-9022-FC49CAA34D8C}.Release|x64.Build.0 = Release|x64
		{21CEC193-33A6-4C67-9022-FC49CAA34D8C}.Release|x86.ActiveCfg = Release|Win32
		{21CEC193-33A6-4C67-9022-FC49CAA34D8C}.Release|x86.Build.0 = Release|Win32
		{885C1117-0D02-4982-B2F1-15E9A6A39669}.Debug|x64.ActiveCfg = Debug|x64
		{885C1117-0D02-4982-B2F1-15E9A6A39669}.Debug|x64.Build.0 = Debug|x64
		{885C1117-0D02-4982-B2F1-15E9A6A39669}.Debug|x86.ActiveCfg = Debug|Win32
		{885C1117-0D02-4982-B2F1-15E9A6A39669}.Debug|x86.Build.0 = Debug|Win32
		{885C1117-0D02-4982-B2F1-15E9A6A39669}.Release|x64.ActiveCfg = Release|x64
		{885C1117-0D02-4982-B2F1-15E9A6A39669}.Release|x64.Build.0 = Release|x64
		{885C1117-0D02-4982-B2F1-15E9A6A39669}.Release|x86.ActiveCfg = Release|Win32
		{885C1117-0D02-4982-B2F1-15E9A6A39669}.Release|x86.Build.0 = Release|Win32
		{8AD8B24A-40A5-4690-93A4-5CE2A3CD0987}.Debug|x64.ActiveCfg = Debug|x64
		{8AD8B24A-40A5-4690-93A4-5CE2A3CD0987}.Debug|x64.Build.0 = Debug|x64
		{8AD8B24A-40A5-4690-93A4-5CE2A3CD0987}.Debug|x86.ActiveCfg = Debug|Win32
		{8AD8B24A-40A5-4690-93A4-5CE2A3CD0987}.Debug|x86.Build.0 = Debug|Win32
		{8AD8B24A-40A5-4690-93A4-5CE2A3CD0987}.Release|x64.ActiveCfg = Release|x64
		{8AD8B24A-40A5-4690-93A4-5CE2A3CD0987}.Release|x64.Build.0 = Release|x64
		{8AD8B24A-40A5-4690-93A4-5CE2A3CD0987}.Release|x86.ActiveCfg = Release|Win32
		{8AD8B24A-40A5-4690-93A4-5CE2A3CD0987}.Release|x86.Build.0 = Release|Win32
		{68D96898-DE07-4E68-AC71-FDB9AA492F50}.Debug|x64.ActiveCfg = Debug|x64
		{68D96898-DE07-4E68-AC71-FDB9AA492F50}.Debug|x64.Build.0 = Debug|x64
		{68D96898-DE07-4E68-AC71-FDB9AA492F50}.Debug|x86.ActiveCfg = Debug|Win32
		{68D96898-DE07-4E68-AC71-FDB9AA492F50}.Debug|x86.Build.0 = Debug|Win32
		{68D96898-DE07-4E68-AC71-FDB9AA492F50}.Release|x64.ActiveCfg = Release|x64
		{68D96898-DE07-4E68-AC71-FDB9AA492F50}.Release|x64.Build.0 = Release|x64
		{68D96898-DE07-4E68-AC71-FDB9AA492F50}.Release|x86.ActiveCfg = Release|Win32
		{68D96898-DE07-4E68-AC71-FDB9AA492F50}.Release|x86.Build.0 = Release|Win32
		{FFCFD9B0-88A1-4150-971C-01150C866060}.Debug|x64.ActiveCfg = Debug|x64
		{FFCFD9B0-88A1-4150-971C-01150C866060}.Debug|x64.Build.0 = Debug|x64
		{FFCFD9B0-88A1-4150-971C-01150C866060}.Debug|x86.ActiveCfg = Debug|Win32
		{FFCFD9B0-88A1-4150-971C-01150C866060}.Debug|x86.Build.0 = Debug|Win32
		{FFCFD9B0-88A1-4150-971C-01150C866060}.Release|x64.ActiveCfg = Release|x64
		{FFCFD9B0-88A1-4150-971C-01150C866060}.Release|x64.Build.0 = Release|x64
		{FFCFD9B0-88A1-4150-971C-01150C866060}.Release|x86.ActiveCfg = Release|Win32
		{FFCFD9B0-88A1-4150-971C-01150C866060}.Release|x86.Build.0 = Release|Win32
		{6D662B53-DC5C-458C-BE8F-CCFC5BCCFAB4}.Debug|x64.ActiveCfg = Debug|x64
		{6D662B53-DC5C-458C-BE8F-CCFC5BCCFAB4}.Debug|x64.Build.0 = Debug|x64
		{6D662B53-DC5C-458C-BE8F-CCFC5BCCFAB4}.Debug|x86.ActiveCfg = Debug|Win32
		{6D662B53-DC5C-458C-BE8F-CCFC5BCCFAB4}.Debug|x86.Build.0 = Debug|Win32
		{6D662B53-DC5C-458C-BE8F-CCFC5BCCFAB4}.Release|x64.ActiveCfg = Release|x64
		{6D662B53-DC5C-458C-BE8F-CCFC5BCCFAB4}.Release|x64.Build.0 = Release|x64
		{6D662B53-DC5C-458C-BE8F-CCFC5BCCFAB4}.Release|x86.ActiveCfg = Release|Win32
		{6D662B53-DC5C-458C-BE8F-CCFC5BCCFAB4}.Release|x86.Build.0 = Release|Win32
		{9BEC8C83-2F26-4E23-A6BA-F8554910BF02}.Debug|x64.ActiveCfg = Debug|x64
		{9BEC8C83-2F26-4E23-A6BA-F8554910BF02}.Debug|x64.Build.0 = Debug|x64
		{9BEC8C83-2F26-4E23-A6BA-F8554910BF02}.Debug|x86.ActiveCfg = Debug|Win32
		{9BEC8C83-2F26-4E23-A6BA-F8554910BF02}.Debug|x86.Build.0 = Debug|Win32
		{9BEC8C83-2F26-4E23-A6BA-F8554910BF02}.Release|x64.ActiveCfg = Release|x64
		{9BEC8C83-2F26-4E23-A6BA-F8554910BF02}.Release|x64.Build.0 = Release|x64
		{9BEC8C83-2F26-4E23-A6BA-F8554910BF02}.Release|x86.ActiveCfg = Release|Win32
		{9BEC8C83-2F26-4E23-A6BA-F8554910BF02}.Release|x86.Build.0 = Release|Win32
		{0D271E39-7069-4026-8F7B-97423B7B0E6C}.Debug|x64.ActiveCfg = Debug|x64
		{0D271E39-7069-4026-8F7B-97423B7B0E6C}.Debug|x64.Build.0 = Debug|x64
		{0D271E39-7069-4026-8F7B-97423B7B0E6C}.Debug|x86.ActiveCfg = Debug|Win32
		{0D271E39-7069-4026-8F7B-97423B7B0E6C}.Debug|x86.Build.0 = Debug|Win32
		{0D271E39-7069-4026-8F7B-97423B7B0E6C}.Release|x64.ActiveCfg = Release|x64
		{0D271E39-7069-4026-8F7B-97423B7B0E6C}.Release|x64.Build.0 = Release|x64
		{0D271E39-7069-4026-8F7B-97423B7B0E6C}.Release|x86.ActiveCfg = Release|Win32
		{0D271E39-7069-4026-8F7B-97423B7B0E6C}.Release|x86.Build.0 = Release|Win32
		{64945B26-0FA9-40E5-A3AB-390E509F6642}.Debug|x64.ActiveCfg = Debug|x64
		{64945B26-0FA9-40E5-A3AB-390E509F6642}.Debug|x64.Build.0 = Debug|x64
		{64945B26-0FA9-40E5-A3AB-390E509F6642}.Debug|x86.ActiveCfg = Debug|Win32
		{64945B26-0FA9-40E5-A3AB-390E509F6642}.Debug|x86.Build.0 = Debug|Win32
		{64945B26-0FA9-40E5-A3AB-390E509F6642}.Release|x64.ActiveCfg = Release|x64
		{64945B26-0FA9-40E5-A3AB-390E509F6642}.Release|x64.Build.0 = Release|x64
		{64945B26-0FA9-40E5-A3AB-390E509F6642}.Release|x86.ActiveCfg = Release|Win32
		{64945B26-0FA9-40E5-A3AB-390E509F6642}.Release|x86.Build.0 = Release|Win32
		{29451784-F800-4021-B40A-B9AF8EA89AB9}.Debug|x64.ActiveCfg = Debug|x64
		{29451784-F800-4021-B40A-B9AF8EA89AB9}.Debug|x64.Build.0 = Debug|x64
		{29451784-F800-4021-B40A-B9AF8EA89AB9}.Debug|x86.ActiveCfg = Debug|Win32
		{29451784-F800-4021-B40A-B9AF8EA89AB9}.Debug|x86.Build.0 = Debug|Win32
		{29451784-F800-4021-B40A-B9AF8EA89AB9}.Release|x64.ActiveCfg = Release|x64
		{29451784-F800-4021-B40A-B9AF8EA89AB9}.Release|x64.Build.0 = Release|x64
		{29451784-F800-4021-B40A-B9AF8EA89AB9}.Release|x86.ActiveCfg = Release|Win32
		{29451784-F800-4021-B40A-B9AF8EA89AB9}.Release|x86.Build.0 = Release|Win32
		{F2FC0F9E-8DE0-4311-AC91-E7C806BD76F1}.Debug|x64.ActiveCfg = Debug|x64
		{F2FC0F9E-8DE0-4311-AC91-E7C806BD76F1}.Debug|x64.Build.0 = Debug|x64
		{F2FC0F9E-8DE0-4311-AC91-E7C806BD76F1}.Debug|x86.ActiveCfg = Debug|Win32
		{F2FC0F9E-8DE0-4311-AC91-E7C806BD76F1}.Debug|x86.Build.0 = Debug|Win32
		{F2FC0F9E-8DE0-4311-AC91-E7C806BD76F1}.Release|x64.ActiveCfg = Release|x64
		{F2FC0F9E-8DE0-4311-AC91-E7C806BD76F1}.Release|x64.Build.0 = Release|x64
		{F2FC0F9E-8DE0-4311-AC91-E7C806BD76F1}.Release|x86.ActiveCfg = Release|Win32
		{F2FC0F9E-8DE0-4311-AC91-E7C806BD76F1}.Release|x86.Build.0 = Release|Win32
		{58CD891B-C9B6-415B-8B36-3C5FCE4705AF}.Debug|x64.ActiveCfg = Debug|x64
		{58CD891B-C9B6-415B-8B36-3C5FCE4705AF}.Debug|x64.Build.0 = Debug|x64
		{58CD891B-C9B6-415B-8B36-3C5FCE4705AF}.Debug|x86.ActiveCfg = Debug|Win32
		{58CD891B-C9B6-415B-8B36-3C5FCE4705AF}.Debug|x86.Build.0 = Debug|Win32
		{58CD891B-C9B6-415B-8B36-3C5FCE4705AF}.Release|x64.ActiveCfg = Release|x64
		{58CD891B-C9B6-415B-8B36-3C5FCE4705AF}.Release|x64.Build.0 = Release|x64
		{58CD891B-C9B6-415B-8B36-3C5FCE4705AF}.Release|x86.ActiveCfg = Release|Win32
		{58CD891B-C9B6-415B-8B36-3C5FCE4705AF}.Release|x86.Build.0 = Release|Win32
		{FF153050-E9F4-42B7-9EF0-E451C4565DB9}.Debug|x64.ActiveCfg = Debug|x64
		{FF153050-E9F4-42B7-9EF0-E451C4565DB9}.Debug|x64.Build.0 = Debug|x64
		{FF153050-E9F4-42B7-9EF0-E451C4565DB9}.Debug|x86.ActiveCfg = Debug|Win32
		{FF153050-E9F4-42B7-9EF0-E451C4565DB9}.Debug|x86.Build.0 = Debug|Win32
		{FF153050-E9F4-42B7-9EF0-E451C4565DB9}.Release|x64.ActiveCfg = Release|x64
		{FF153050-E9F4-42B7-9EF0-E451C4565DB9}.Release|x64.Build.0 = Release|x64
		{FF153050-E9F4-42B7-9EF0-E451C4565DB9}.Release|x86.ActiveCfg = Release|Win32
		{FF153050-E9F4-42B7-9EF0-E451C4565DB9}.Release|x86.Build.0 = Release|Win32
		{89C7D380-89FB-406E-9122-9B6E9C5D9700}.Debug|x64.ActiveCfg = Debug|x64
		{89C7D380-89FB-406E-9122-9B6E9C5D9700}.Debug|x64.Build.0 = Debug|x64
		{89C7D380-89FB-406E-9122-9B6E9C5D9700}.Debug|x86.ActiveCfg = Debug|Win32
		{89C7D380-89FB-406E-9122-9B6E9C5D9700}.Debug|x86.Build.0 = Debug|Win32
		{89C7D380-89FB-406E-9122-9B6E9C5D9700}.Release|x64.ActiveCfg = Release|x64
		{89C7D380-89FB-406E-9122-9B6E9C5D9700}.Release|x64.Build.0 = Release|x64
		{89C7D380-89FB-406E-9122-9B6E9C5D9700}.Release|x86.ActiveCfg = Release|Win32
		{89C7D380-89FB-406E-9122-9B6E9C5D9700}.Release|x86.Build.0 = Release|Win32
		{E72A58CA-860E-4881-8345-C2650E7A6D79}.Debug|x64.ActiveCfg = Debug|x64
		{E72A58CA-860E-4881-8345-C2650E7A6D79}.Debug|x64.Build.0 = Debug|x64
		{E72A58CA-860E-4881-8345-C2650E7A6D79}.Debug|x86.ActiveCfg = Debug|Win32
		{E72A58CA-860E-4881-8345-C2650E7A6D79}.Debug|x86.Build.0 = Debug|Win32
		{E72A58CA-860E-4881-8345-C2650E7A6D79}.Release|x64.ActiveCfg = Release|x64
		{E72A58CA-860E-4881-8345-C2650E7A6D79}.Release|x64.Build.0 = Release|x64
		{E72A58CA-860E-4881-8345-C2650E7A6D79}.Release|x86.ActiveCfg = Release|Win32
		{E72A58CA-860E-4881-8345-C2650E7A6D79}.Release|x86.Build.0 = Release|Win32
	EndGlobalSection
	GlobalSection(SolutionProperties) = preSolution
		HideSolutionNode = FALSE
	EndGlobalSection
	GlobalSection(ExtensibilityGlobals) = postSolution
		SolutionGuid = {D78E4ACB-7936-420E-851F-3C1519994DB0}
	EndGlobalSection
EndGlobal
