
Microsoft Visual Studio Solution File, Format Version 12.00
# Visual Studio Version 16
VisualStudioVersion = 16.0.31321.278
MinimumVisualStudioVersion = 10.0.40219.1
Project("{8BC9CEB8-8B4A-11D0-8D11-00A0C91BC942}") = "Chapter01-Structured_bindings", "Chapter01-Structured_bindings\Chapter01-Structured_bindings.vcxproj", "{21CEC193-33A6-4C67-9022-FC49CAA34D8C}"
EndProject
Project("{8BC9CEB8-8B4A-11D0-8D11-00A0C91BC942}") = "Chapter01-if_switch_initializer", "Chapter01-if_switch_initializer\Chapter01-if_switch_initializer.vcxproj", "{885C1117-0D02-4982-B2F1-15E9A6A39669}"
EndProject
Project("{8BC9CEB8-8B4A-11D0-8D11-00A0C91BC942}") = "Chapter01-New_iniatialiazer_rules", "Chapter01-New_iniatialiazer_rules\Chapter01-New_iniatialiazer_rules.vcxproj", "{8AD8B24A-40A5-4690-93A4-5CE2A3CD0987}"
EndProject
Project("{8BC9CEB8-8B4A-11D0-8D11-00A0C91BC942}") = "Chapter01-Template_class_type_deduction", "Chapter01-Template_class_type_deduction\Chapter01-Template_class_type_deduction.vcxproj", "{68D96898-DE07-4E68-AC71-FDB9AA492F50}"
EndProject
Project("{8BC9CEB8-8B4A-11D0-8D11-00A0C91BC942}") = "Chapter01-if_constexpr", "Chapter01-if_constexpr\Chapter01-if_constexpr.vcxproj", "{FFCFD9B0-88A1-4150-971C-01150C866060}"
EndProject
Project("{8BC9CEB8-8B4A-11D0-8D11-00A0C91BC942}") = "Chapter01-Inline_variable", "Chapter01-Inline_variable\Chapter01-Inline_variable.vcxproj", "{78D227A7-A5F1-459D-8F0C-C05D607AEB8E}"
EndProject
Project("{8BC9CEB8-8B4A-11D0-8D11-00A0C91BC942}") = "Chapter01-Fold_expressions", "Chapter01-Fold_expressions\Chapter01-Fold_expressions.vcxproj", "{074DE65E-B89C-4320-9289-77C1F610D3EC}"
EndProject
Global
	GlobalSection(SolutionConfigurationPlatforms) = preSolution
		Debug|x64 = Debug|x64
		Debug|x86 = Debug|x86
		Release|x64 = Release|x64
		Release|x86 = Release|x86
	EndGlobalSection
	GlobalSection(ProjectConfigurationPlatforms) = postSolution
		{21CEC193-33A6-4C67-9022-FC49CAA34D8C}.Debug|x64.ActiveCfg = Debug|x64
		{21CEC193-33A6-4C67-9022-FC49CAA34D8C}.Debug|x64.Build.0 = Debug|x64
		{21CEC193-33A6-4C67-9022-FC49CAA34D8C}.Debug|x86.ActiveCfg = Debug|Win32
		{21CEC193-33A6-4C67-9022-FC49CAA34D8C}.Debug|x86.Build.0 = Debug|Win32
		{21CEC193-33A6-4C67-9022-FC49CAA34D8C}.Release|x64.ActiveCfg = Release|x64
		{21CEC193-33A6-4C67-9022-FC49CAA34D8C}.Release|x64.Build.0 = Release|x64
		{21CEC193-33A6-4C67-9022-FC49CAA34D8C}.Release|x86.ActiveCfg = Release|Win32
		{21CEC193-33A6-4C67-9022-FC49CAA34D8C}.Release|x86.Build.0 = Release|Win32
		{885C1117-0D02-4982-B2F1-15E9A6A39669}.Debug|x64.ActiveCfg = Debug|x64
		{885C1117-0D02-4982-B2F1-15E9A6A39669}.Debug|x64.Build.0 = Debug|x64
		{885C1117-0D02-4982-B2F1-15E9A6A39669}.Debug|x86.ActiveCfg = Debug|Win32
		{885C1117-0D02-4982-B2F1-15E9A6A39669}.Debug|x86.Build.0 = Debug|Win32
		{885C1117-0D02-4982-B2F1-15E9A6A39669}.Release|x64.ActiveCfg = Release|x64
		{885C1117-0D02-4982-B2F1-15E9A6A39669}.Release|x64.Build.0 = Release|x64
		{885C1117-0D02-4982-B2F1-15E9A6A39669}.Release|x86.ActiveCfg = Release|Win32
		{885C1117-0D02-4982-B2F1-15E9A6A39669}.Release|x86.Build.0 = Release|Win32
		{8AD8B24A-40A5-4690-93A4-5CE2A3CD0987}.Debug|x64.ActiveCfg = Debug|x64
		{8AD8B24A-40A5-4690-93A4-5CE2A3CD0987}.Debug|x64.Build.0 = Debug|x64
		{8AD8B24A-40A5-4690-93A4-5CE2A3CD0987}.Debug|x86.ActiveCfg = Debug|Win32
		{8AD8B24A-40A5-4690-93A4-5CE2A3CD0987}.Debug|x86.Build.0 = Debug|Win32
		{8AD8B24A-40A5-4690-93A4-5CE2A3CD0987}.Release|x64.ActiveCfg = Release|x64
		{8AD8B24A-40A5-4690-93A4-5CE2A3CD0987}.Release|x64.Build.0 = Release|x64
		{8AD8B24A-40A5-4690-93A4-5CE2A3CD0987}.Release|x86.ActiveCfg = Release|Win32
		{8AD8B24A-40A5-4690-93A4-5CE2A3CD0987}.Release|x86.Build.0 = Release|Win32
		{68D96898-DE07-4E68-AC71-FDB9AA492F50}.Debug|x64.ActiveCfg = Debug|x64
		{68D96898-DE07-4E68-AC71-FDB9AA492F50}.Debug|x64.Build.0 = Debug|x64
		{68D96898-DE07-4E68-AC71-FDB9AA492F50}.Debug|x86.ActiveCfg = Debug|Win32
		{68D96898-DE07-4E68-AC71-FDB9AA492F50}.Debug|x86.Build.0 = Debug|Win32
		{68D96898-DE07-4E68-AC71-FDB9AA492F50}.Release|x64.ActiveCfg = Release|x64
		{68D96898-DE07-4E68-AC71-FDB9AA492F50}.Release|x64.Build.0 = Release|x64
		{68D96898-DE07-4E68-AC71-FDB9AA492F50}.Release|x86.ActiveCfg = Release|Win32
		{68D96898-DE07-4E68-AC71-FDB9AA492F50}.Release|x86.Build.0 = Release|Win32
		{FFCFD9B0-88A1-4150-971C-01150C866060}.Debug|x64.ActiveCfg = Debug|x64
		{FFCFD9B0-88A1-4150-971C-01150C866060}.Debug|x64.Build.0 = Debug|x64
		{FFCFD9B0-88A1-4150-971C-01150C866060}.Debug|x86.ActiveCfg = Debug|Win32
		{FFCFD9B0-88A1-4150-971C-01150C866060}.Debug|x86.Build.0 = Debug|Win32
		{FFCFD9B0-88A1-4150-971C-01150C866060}.Release|x64.ActiveCfg = Release|x64
		{FFCFD9B0-88A1-4150-971C-01150C866060}.Release|x64.Build.0 = Release|x64
		{FFCFD9B0-88A1-4150-971C-01150C866060}.Release|x86.ActiveCfg = Release|Win32
		{FFCFD9B0-88A1-4150-971C-01150C866060}.Release|x86.Build.0 = Release|Win32
		{78D227A7-A5F1-459D-8F0C-C05D607AEB8E}.Debug|x64.ActiveCfg = Debug|x64
		{78D227A7-A5F1-459D-8F0C-C05D607AEB8E}.Debug|x64.Build.0 = Debug|x64
		{78D227A7-A5F1-459D-8F0C-C05D607AEB8E}.Debug|x86.ActiveCfg = Debug|Win32
		{78D227A7-A5F1-459D-8F0C-C05D607AEB8E}.Debug|x86.Build.0 = Debug|Win32
		{78D227A7-A5F1-459D-8F0C-C05D607AEB8E}.Release|x64.ActiveCfg = Release|x64
		{78D227A7-A5F1-459D-8F0C-C05D607AEB8E}.Release|x64.Build.0 = Release|x64
		{78D227A7-A5F1-459D-8F0C-C05D607AEB8E}.Release|x86.ActiveCfg = Release|Win32
		{78D227A7-A5F1-459D-8F0C-C05D607AEB8E}.Release|x86.Build.0 = Release|Win32
		{074DE65E-B89C-4320-9289-77C1F610D3EC}.Debug|x64.ActiveCfg = Debug|x64
		{074DE65E-B89C-4320-9289-77C1F610D3EC}.Debug|x64.Build.0 = Debug|x64
		{074DE65E-B89C-4320-9289-77C1F610D3EC}.Debug|x86.ActiveCfg = Debug|Win32
		{074DE65E-B89C-4320-9289-77C1F610D3EC}.Debug|x86.Build.0 = Debug|Win32
		{074DE65E-B89C-4320-9289-77C1F610D3EC}.Release|x64.ActiveCfg = Release|x64
		{074DE65E-B89C-4320-9289-77C1F610D3EC}.Release|x64.Build.0 = Release|x64
		{074DE65E-B89C-4320-9289-77C1F610D3EC}.Release|x86.ActiveCfg = Release|Win32
		{074DE65E-B89C-4320-9289-77C1F610D3EC}.Release|x86.Build.0 = Release|Win32
	EndGlobalSection
	GlobalSection(SolutionProperties) = preSolution
		HideSolutionNode = FALSE
	EndGlobalSection
	GlobalSection(ExtensibilityGlobals) = postSolution
		SolutionGuid = {D78E4ACB-7936-420E-851F-3C1519994DB0}
	EndGlobalSection
EndGlobal
